<?xml version="1.0" encoding="utf-8"?>
<Project ToolsVersion="4.0" xmlns="http://schemas.microsoft.com/developer/msbuild/2003">
  <ItemGroup>
    <Filter Include="2_Cornell_Pt">
      <UniqueIdentifier>{868e7b23-fd0d-4a85-94a6-16c2bbf6e2d4}</UniqueIdentifier>
    </Filter>
    <Filter Include="1_Cube">
      <UniqueIdentifier>{7fad28a5-eb11-40b7-8d4b-2e4746d8bb2f}</UniqueIdentifier>
    </Filter>
  </ItemGroup>
  <ItemGroup>
    <ClCompile Include="1_cube\cube.cpp">
      <Filter>1_Cube</Filter>
    </ClCompile>
    <ClCompile Include="examples_common.cpp" />
    <ClCompile Include="tephra_examples.cpp" />
    <ClCompile Include="window.cpp" />
    <ClCompile Include="2_cornell_pt\cornell.cpp">
      <Filter>2_Cornell_Pt</Filter>
    </ClCompile>
  </ItemGroup>
  <ItemGroup>
    <ClInclude Include="1_cube\cube.hpp">
      <Filter>1_Cube</Filter>
    </ClInclude>
    <ClInclude Include="1_cube\cube_data.hpp">
      <Filter>1_Cube</Filter>
    </ClInclude>
    <ClInclude Include="1_cube\linmath.h">
      <Filter>1_Cube</Filter>
    </ClInclude>
    <ClInclude Include="1_cube\lunarg.ppm.h">
      <Filter>1_Cube</Filter>
    </ClInclude>
    <ClInclude Include="examples_common.hpp" />
    <ClInclude Include="window.hpp" />
    <ClInclude Include="2_cornell_pt\cornell.hpp">
      <Filter>2_Cornell_Pt</Filter>
    </ClInclude>
    <ClInclude Include="2_cornell_pt\cornell_data.hpp">
      <Filter>2_Cornell_Pt</Filter>
    </ClInclude>
  </ItemGroup>
  <ItemGroup>
    <None Include="1_cube\cube.frag.inc">
      <Filter>1_Cube</Filter>
    </None>
    <None Include="1_cube\cube.vert.inc">
      <Filter>1_Cube</Filter>
    </None>
  </ItemGroup>
</Project>